// !$*UTF8*$!
{
	archiveVersion = 1;
	classes = {
	};
	objectVersion = 51;
	objects = {

/* Begin PBXBuildFile section */
		5C80AF7D677E446818E033A2 /* Pods_PolyRideshares_PolyRidesharesUITests.framework in Frameworks */ = {isa = PBXBuildFile; fileRef = AA0786AFD890428B8F42D513 /* Pods_PolyRideshares_PolyRidesharesUITests.framework */; };
		65D3418726BCDA3585191C86 /* Pods_PolyRideshares.framework in Frameworks */ = {isa = PBXBuildFile; fileRef = AD945A2960A6E205D31C9752 /* Pods_PolyRideshares.framework */; };
		BAE28C70E03E2E708CB7E3BE /* Pods_PolyRidesharesTests.framework in Frameworks */ = {isa = PBXBuildFile; fileRef = C83FB6D0CFFF8E5066707EEF /* Pods_PolyRidesharesTests.framework */; };
		D004C6D22380856A00F779B6 /* CreateRideViewController.swift in Sources */ = {isa = PBXBuildFile; fileRef = D004C6D12380856A00F779B6 /* CreateRideViewController.swift */; };
		D004C6D42380857F00F779B6 /* SeeRideViewController.swift in Sources */ = {isa = PBXBuildFile; fileRef = D004C6D32380857F00F779B6 /* SeeRideViewController.swift */; };
		D004C6D62380868C00F779B6 /* ListRidesViewController.swift in Sources */ = {isa = PBXBuildFile; fileRef = D004C6D52380868C00F779B6 /* ListRidesViewController.swift */; };
		D004C6D82380891A00F779B6 /* OfferPost.swift in Sources */ = {isa = PBXBuildFile; fileRef = D004C6D72380891A00F779B6 /* OfferPost.swift */; };
		D02CFAF023807EE5009BCE0C /* AppDelegate.swift in Sources */ = {isa = PBXBuildFile; fileRef = D02CFAEF23807EE5009BCE0C /* AppDelegate.swift */; };
		D02CFAF223807EE5009BCE0C /* SceneDelegate.swift in Sources */ = {isa = PBXBuildFile; fileRef = D02CFAF123807EE5009BCE0C /* SceneDelegate.swift */; };
		D02CFAF423807EE5009BCE0C /* ViewController.swift in Sources */ = {isa = PBXBuildFile; fileRef = D02CFAF323807EE5009BCE0C /* ViewController.swift */; };
		D02CFAF723807EE5009BCE0C /* Main.storyboard in Resources */ = {isa = PBXBuildFile; fileRef = D02CFAF523807EE5009BCE0C /* Main.storyboard */; };
		D02CFAF923807EE7009BCE0C /* Assets.xcassets in Resources */ = {isa = PBXBuildFile; fileRef = D02CFAF823807EE7009BCE0C /* Assets.xcassets */; };
		D02CFAFC23807EE7009BCE0C /* LaunchScreen.storyboard in Resources */ = {isa = PBXBuildFile; fileRef = D02CFAFA23807EE7009BCE0C /* LaunchScreen.storyboard */; };
		D02CFB0723807EE7009BCE0C /* PolyRidesharesTests.swift in Sources */ = {isa = PBXBuildFile; fileRef = D02CFB0623807EE7009BCE0C /* PolyRidesharesTests.swift */; };
		D02CFB1223807EE7009BCE0C /* PolyRidesharesUITests.swift in Sources */ = {isa = PBXBuildFile; fileRef = D02CFB1123807EE7009BCE0C /* PolyRidesharesUITests.swift */; };
		D0AB76D42380901000BA878D /* DoneViewController.swift in Sources */ = {isa = PBXBuildFile; fileRef = D0AB76D32380901000BA878D /* DoneViewController.swift */; };
		D0AB76D623809AF500BA878D /* GoogleService-Info.plist in Resources */ = {isa = PBXBuildFile; fileRef = D0AB76D523809AF500BA878D /* GoogleService-Info.plist */; };
/* End PBXBuildFile section */

/* Begin PBXContainerItemProxy section */
		D02CFB0323807EE7009BCE0C /* PBXContainerItemProxy */ = {
			isa = PBXContainerItemProxy;
			containerPortal = D02CFAE423807EE5009BCE0C /* Project object */;
			proxyType = 1;
			remoteGlobalIDString = D02CFAEB23807EE5009BCE0C;
			remoteInfo = PolyRideshares;
		};
		D02CFB0E23807EE7009BCE0C /* PBXContainerItemProxy */ = {
			isa = PBXContainerItemProxy;
			containerPortal = D02CFAE423807EE5009BCE0C /* Project object */;
			proxyType = 1;
			remoteGlobalIDString = D02CFAEB23807EE5009BCE0C;
			remoteInfo = PolyRideshares;
		};
/* End PBXContainerItemProxy section */

/* Begin PBXFileReference section */
		0EE72D90500B6A032B7532D7 /* Pods-PolyRidesharesTests.debug.xcconfig */ = {isa = PBXFileReference; includeInIndex = 1; lastKnownFileType = text.xcconfig; name = "Pods-PolyRidesharesTests.debug.xcconfig"; path = "Target Support Files/Pods-PolyRidesharesTests/Pods-PolyRidesharesTests.debug.xcconfig"; sourceTree = "<group>"; };
		23EC6019DBDC8E6095DBED18 /* Pods-PolyRideshares.release.xcconfig */ = {isa = PBXFileReference; includeInIndex = 1; lastKnownFileType = text.xcconfig; name = "Pods-PolyRideshares.release.xcconfig"; path = "Target Support Files/Pods-PolyRideshares/Pods-PolyRideshares.release.xcconfig"; sourceTree = "<group>"; };
		6845D85D1F2179A4D3031747 /* Pods-PolyRidesharesTests.release.xcconfig */ = {isa = PBXFileReference; includeInIndex = 1; lastKnownFileType = text.xcconfig; name = "Pods-PolyRidesharesTests.release.xcconfig"; path = "Target Support Files/Pods-PolyRidesharesTests/Pods-PolyRidesharesTests.release.xcconfig"; sourceTree = "<group>"; };
		8008DDE5DCF953A2CD0F7F18 /* Pods-PolyRideshares.debug.xcconfig */ = {isa = PBXFileReference; includeInIndex = 1; lastKnownFileType = text.xcconfig; name = "Pods-PolyRideshares.debug.xcconfig"; path = "Target Support Files/Pods-PolyRideshares/Pods-PolyRideshares.debug.xcconfig"; sourceTree = "<group>"; };
		AA0786AFD890428B8F42D513 /* Pods_PolyRideshares_PolyRidesharesUITests.framework */ = {isa = PBXFileReference; explicitFileType = wrapper.framework; includeInIndex = 0; path = Pods_PolyRideshares_PolyRidesharesUITests.framework; sourceTree = BUILT_PRODUCTS_DIR; };
		AD945A2960A6E205D31C9752 /* Pods_PolyRideshares.framework */ = {isa = PBXFileReference; explicitFileType = wrapper.framework; includeInIndex = 0; path = Pods_PolyRideshares.framework; sourceTree = BUILT_PRODUCTS_DIR; };
		C77D29BFD581DCBA832AF596 /* Pods-PolyRideshares-PolyRidesharesUITests.release.xcconfig */ = {isa = PBXFileReference; includeInIndex = 1; lastKnownFileType = text.xcconfig; name = "Pods-PolyRideshares-PolyRidesharesUITests.release.xcconfig"; path = "Target Support Files/Pods-PolyRideshares-PolyRidesharesUITests/Pods-PolyRideshares-PolyRidesharesUITests.release.xcconfig"; sourceTree = "<group>"; };
		C83FB6D0CFFF8E5066707EEF /* Pods_PolyRidesharesTests.framework */ = {isa = PBXFileReference; explicitFileType = wrapper.framework; includeInIndex = 0; path = Pods_PolyRidesharesTests.framework; sourceTree = BUILT_PRODUCTS_DIR; };
		D004C6D12380856A00F779B6 /* CreateRideViewController.swift */ = {isa = PBXFileReference; lastKnownFileType = sourcecode.swift; path = CreateRideViewController.swift; sourceTree = "<group>"; };
		D004C6D32380857F00F779B6 /* SeeRideViewController.swift */ = {isa = PBXFileReference; lastKnownFileType = sourcecode.swift; path = SeeRideViewController.swift; sourceTree = "<group>"; };
		D004C6D52380868C00F779B6 /* ListRidesViewController.swift */ = {isa = PBXFileReference; lastKnownFileType = sourcecode.swift; path = ListRidesViewController.swift; sourceTree = "<group>"; };
		D004C6D72380891A00F779B6 /* OfferPost.swift */ = {isa = PBXFileReference; lastKnownFileType = sourcecode.swift; path = OfferPost.swift; sourceTree = "<group>"; };
		D02CFAEC23807EE5009BCE0C /* PolyRideshares.app */ = {isa = PBXFileReference; explicitFileType = wrapper.application; includeInIndex = 0; path = PolyRideshares.app; sourceTree = BUILT_PRODUCTS_DIR; };
		D02CFAEF23807EE5009BCE0C /* AppDelegate.swift */ = {isa = PBXFileReference; lastKnownFileType = sourcecode.swift; path = AppDelegate.swift; sourceTree = "<group>"; };
		D02CFAF123807EE5009BCE0C /* SceneDelegate.swift */ = {isa = PBXFileReference; lastKnownFileType = sourcecode.swift; path = SceneDelegate.swift; sourceTree = "<group>"; };
		D02CFAF323807EE5009BCE0C /* ViewController.swift */ = {isa = PBXFileReference; lastKnownFileType = sourcecode.swift; path = ViewController.swift; sourceTree = "<group>"; };
		D02CFAF623807EE5009BCE0C /* Base */ = {isa = PBXFileReference; lastKnownFileType = file.storyboard; name = Base; path = Base.lproj/Main.storyboard; sourceTree = "<group>"; };
		D02CFAF823807EE7009BCE0C /* Assets.xcassets */ = {isa = PBXFileReference; lastKnownFileType = folder.assetcatalog; path = Assets.xcassets; sourceTree = "<group>"; };
		D02CFAFB23807EE7009BCE0C /* Base */ = {isa = PBXFileReference; lastKnownFileType = file.storyboard; name = Base; path = Base.lproj/LaunchScreen.storyboard; sourceTree = "<group>"; };
		D02CFAFD23807EE7009BCE0C /* Info.plist */ = {isa = PBXFileReference; lastKnownFileType = text.plist.xml; path = Info.plist; sourceTree = "<group>"; };
		D02CFB0223807EE7009BCE0C /* PolyRidesharesTests.xctest */ = {isa = PBXFileReference; explicitFileType = wrapper.cfbundle; includeInIndex = 0; path = PolyRidesharesTests.xctest; sourceTree = BUILT_PRODUCTS_DIR; };
		D02CFB0623807EE7009BCE0C /* PolyRidesharesTests.swift */ = {isa = PBXFileReference; lastKnownFileType = sourcecode.swift; path = PolyRidesharesTests.swift; sourceTree = "<group>"; };
		D02CFB0823807EE7009BCE0C /* Info.plist */ = {isa = PBXFileReference; lastKnownFileType = text.plist.xml; path = Info.plist; sourceTree = "<group>"; };
		D02CFB0D23807EE7009BCE0C /* PolyRidesharesUITests.xctest */ = {isa = PBXFileReference; explicitFileType = wrapper.cfbundle; includeInIndex = 0; path = PolyRidesharesUITests.xctest; sourceTree = BUILT_PRODUCTS_DIR; };
		D02CFB1123807EE7009BCE0C /* PolyRidesharesUITests.swift */ = {isa = PBXFileReference; lastKnownFileType = sourcecode.swift; path = PolyRidesharesUITests.swift; sourceTree = "<group>"; };
		D02CFB1323807EE7009BCE0C /* Info.plist */ = {isa = PBXFileReference; lastKnownFileType = text.plist.xml; path = Info.plist; sourceTree = "<group>"; };
		D0AB76D32380901000BA878D /* DoneViewController.swift */ = {isa = PBXFileReference; lastKnownFileType = sourcecode.swift; path = DoneViewController.swift; sourceTree = "<group>"; };
		D0AB76D523809AF500BA878D /* GoogleService-Info.plist */ = {isa = PBXFileReference; fileEncoding = 4; lastKnownFileType = text.plist.xml; path = "GoogleService-Info.plist"; sourceTree = "<group>"; };
		E84F585630D282EC66D480E9 /* Pods-PolyRideshares-PolyRidesharesUITests.debug.xcconfig */ = {isa = PBXFileReference; includeInIndex = 1; lastKnownFileType = text.xcconfig; name = "Pods-PolyRideshares-PolyRidesharesUITests.debug.xcconfig"; path = "Target Support Files/Pods-PolyRideshares-PolyRidesharesUITests/Pods-PolyRideshares-PolyRidesharesUITests.debug.xcconfig"; sourceTree = "<group>"; };
/* End PBXFileReference section */

/* Begin PBXFrameworksBuildPhase section */
		D02CFAE923807EE5009BCE0C /* Frameworks */ = {
			isa = PBXFrameworksBuildPhase;
			buildActionMask = 2147483647;
			files = (
				65D3418726BCDA3585191C86 /* Pods_PolyRideshares.framework in Frameworks */,
			);
			runOnlyForDeploymentPostprocessing = 0;
		};
		D02CFAFF23807EE7009BCE0C /* Frameworks */ = {
			isa = PBXFrameworksBuildPhase;
			buildActionMask = 2147483647;
			files = (
				BAE28C70E03E2E708CB7E3BE /* Pods_PolyRidesharesTests.framework in Frameworks */,
			);
			runOnlyForDeploymentPostprocessing = 0;
		};
		D02CFB0A23807EE7009BCE0C /* Frameworks */ = {
			isa = PBXFrameworksBuildPhase;
			buildActionMask = 2147483647;
			files = (
				5C80AF7D677E446818E033A2 /* Pods_PolyRideshares_PolyRidesharesUITests.framework in Frameworks */,
			);
			runOnlyForDeploymentPostprocessing = 0;
		};
/* End PBXFrameworksBuildPhase section */

/* Begin PBXGroup section */
		3E13FDF28CC19A53D8412BE5 /* Pods */ = {
			isa = PBXGroup;
			children = (
				8008DDE5DCF953A2CD0F7F18 /* Pods-PolyRideshares.debug.xcconfig */,
				23EC6019DBDC8E6095DBED18 /* Pods-PolyRideshares.release.xcconfig */,
				E84F585630D282EC66D480E9 /* Pods-PolyRideshares-PolyRidesharesUITests.debug.xcconfig */,
				C77D29BFD581DCBA832AF596 /* Pods-PolyRideshares-PolyRidesharesUITests.release.xcconfig */,
				0EE72D90500B6A032B7532D7 /* Pods-PolyRidesharesTests.debug.xcconfig */,
				6845D85D1F2179A4D3031747 /* Pods-PolyRidesharesTests.release.xcconfig */,
			);
			path = Pods;
			sourceTree = "<group>";
		};
		9E77B27143BD17D907BD8E63 /* Frameworks */ = {
			isa = PBXGroup;
			children = (
				AD945A2960A6E205D31C9752 /* Pods_PolyRideshares.framework */,
				AA0786AFD890428B8F42D513 /* Pods_PolyRideshares_PolyRidesharesUITests.framework */,
				C83FB6D0CFFF8E5066707EEF /* Pods_PolyRidesharesTests.framework */,
			);
			name = Frameworks;
			sourceTree = "<group>";
		};
		D02CFAE323807EE5009BCE0C = {
			isa = PBXGroup;
			children = (
				D02CFAEE23807EE5009BCE0C /* PolyRideshares */,
				D02CFB0523807EE7009BCE0C /* PolyRidesharesTests */,
				D02CFB1023807EE7009BCE0C /* PolyRidesharesUITests */,
				D02CFAED23807EE5009BCE0C /* Products */,
				3E13FDF28CC19A53D8412BE5 /* Pods */,
				9E77B27143BD17D907BD8E63 /* Frameworks */,
			);
			sourceTree = "<group>";
		};
		D02CFAED23807EE5009BCE0C /* Products */ = {
			isa = PBXGroup;
			children = (
				D02CFAEC23807EE5009BCE0C /* PolyRideshares.app */,
				D02CFB0223807EE7009BCE0C /* PolyRidesharesTests.xctest */,
				D02CFB0D23807EE7009BCE0C /* PolyRidesharesUITests.xctest */,
			);
			name = Products;
			sourceTree = "<group>";
		};
		D02CFAEE23807EE5009BCE0C /* PolyRideshares */ = {
			isa = PBXGroup;
			children = (
				D02CFAEF23807EE5009BCE0C /* AppDelegate.swift */,
				D02CFAF123807EE5009BCE0C /* SceneDelegate.swift */,
				D02CFAF323807EE5009BCE0C /* ViewController.swift */,
				D02CFAF523807EE5009BCE0C /* Main.storyboard */,
				D0AB76D32380901000BA878D /* DoneViewController.swift */,
				D004C6D72380891A00F779B6 /* OfferPost.swift */,
				D004C6D52380868C00F779B6 /* ListRidesViewController.swift */,
				D004C6D12380856A00F779B6 /* CreateRideViewController.swift */,
				D004C6D32380857F00F779B6 /* SeeRideViewController.swift */,
				D02CFAF823807EE7009BCE0C /* Assets.xcassets */,
				D02CFAFA23807EE7009BCE0C /* LaunchScreen.storyboard */,
				D02CFAFD23807EE7009BCE0C /* Info.plist */,
				D0AB76D523809AF500BA878D /* GoogleService-Info.plist */,
			);
			path = PolyRideshares;
			sourceTree = "<group>";
		};
		D02CFB0523807EE7009BCE0C /* PolyRidesharesTests */ = {
			isa = PBXGroup;
			children = (
				D02CFB0623807EE7009BCE0C /* PolyRidesharesTests.swift */,
				D02CFB0823807EE7009BCE0C /* Info.plist */,
			);
			path = PolyRidesharesTests;
			sourceTree = "<group>";
		};
		D02CFB1023807EE7009BCE0C /* PolyRidesharesUITests */ = {
			isa = PBXGroup;
			children = (
				D02CFB1123807EE7009BCE0C /* PolyRidesharesUITests.swift */,
				D02CFB1323807EE7009BCE0C /* Info.plist */,
			);
			path = PolyRidesharesUITests;
			sourceTree = "<group>";
		};
/* End PBXGroup section */

/* Begin PBXNativeTarget section */
		D02CFAEB23807EE5009BCE0C /* PolyRideshares */ = {
			isa = PBXNativeTarget;
			buildConfigurationList = D02CFB1623807EE7009BCE0C /* Build configuration list for PBXNativeTarget "PolyRideshares" */;
			buildPhases = (
				F43EDA895EE2E1269475CC86 /* [CP] Check Pods Manifest.lock */,
				D02CFAE823807EE5009BCE0C /* Sources */,
				D02CFAE923807EE5009BCE0C /* Frameworks */,
				D02CFAEA23807EE5009BCE0C /* Resources */,
				0857BFA6C43BF4ED6BB3E001 /* [CP] Embed Pods Frameworks */,
			);
			buildRules = (
			);
			dependencies = (
			);
			name = PolyRideshares;
			productName = PolyRideshares;
			productReference = D02CFAEC23807EE5009BCE0C /* PolyRideshares.app */;
			productType = "com.apple.product-type.application";
		};
		D02CFB0123807EE7009BCE0C /* PolyRidesharesTests */ = {
			isa = PBXNativeTarget;
			buildConfigurationList = D02CFB1923807EE7009BCE0C /* Build configuration list for PBXNativeTarget "PolyRidesharesTests" */;
			buildPhases = (
				B99707CC9BC1C4850A157CA6 /* [CP] Check Pods Manifest.lock */,
				D02CFAFE23807EE7009BCE0C /* Sources */,
				D02CFAFF23807EE7009BCE0C /* Frameworks */,
				D02CFB0023807EE7009BCE0C /* Resources */,
			);
			buildRules = (
			);
			dependencies = (
				D02CFB0423807EE7009BCE0C /* PBXTargetDependency */,
			);
			name = PolyRidesharesTests;
			productName = PolyRidesharesTests;
			productReference = D02CFB0223807EE7009BCE0C /* PolyRidesharesTests.xctest */;
			productType = "com.apple.product-type.bundle.unit-test";
		};
		D02CFB0C23807EE7009BCE0C /* PolyRidesharesUITests */ = {
			isa = PBXNativeTarget;
			buildConfigurationList = D02CFB1C23807EE7009BCE0C /* Build configuration list for PBXNativeTarget "PolyRidesharesUITests" */;
			buildPhases = (
				6855595D18C43450B02B2D5A /* [CP] Check Pods Manifest.lock */,
				D02CFB0923807EE7009BCE0C /* Sources */,
				D02CFB0A23807EE7009BCE0C /* Frameworks */,
				D02CFB0B23807EE7009BCE0C /* Resources */,
				E3E2D3B05DB8A0E775152A83 /* [CP] Embed Pods Frameworks */,
			);
			buildRules = (
			);
			dependencies = (
				D02CFB0F23807EE7009BCE0C /* PBXTargetDependency */,
			);
			name = PolyRidesharesUITests;
			productName = PolyRidesharesUITests;
			productReference = D02CFB0D23807EE7009BCE0C /* PolyRidesharesUITests.xctest */;
			productType = "com.apple.product-type.bundle.ui-testing";
		};
/* End PBXNativeTarget section */

/* Begin PBXProject section */
		D02CFAE423807EE5009BCE0C /* Project object */ = {
			isa = PBXProject;
			attributes = {
				LastSwiftUpdateCheck = 1110;
				LastUpgradeCheck = 1110;
				ORGANIZATIONNAME = "Justin Poist";
				TargetAttributes = {
					D02CFAEB23807EE5009BCE0C = {
						CreatedOnToolsVersion = 11.1;
					};
					D02CFB0123807EE7009BCE0C = {
						CreatedOnToolsVersion = 11.1;
						TestTargetID = D02CFAEB23807EE5009BCE0C;
					};
					D02CFB0C23807EE7009BCE0C = {
						CreatedOnToolsVersion = 11.1;
						TestTargetID = D02CFAEB23807EE5009BCE0C;
					};
				};
			};
			buildConfigurationList = D02CFAE723807EE5009BCE0C /* Build configuration list for PBXProject "PolyRideshares" */;
			compatibilityVersion = "Xcode 9.3";
			developmentRegion = en;
			hasScannedForEncodings = 0;
			knownRegions = (
				en,
				Base,
			);
			mainGroup = D02CFAE323807EE5009BCE0C;
			productRefGroup = D02CFAED23807EE5009BCE0C /* Products */;
			projectDirPath = "";
			projectRoot = "";
			targets = (
				D02CFAEB23807EE5009BCE0C /* PolyRideshares */,
				D02CFB0123807EE7009BCE0C /* PolyRidesharesTests */,
				D02CFB0C23807EE7009BCE0C /* PolyRidesharesUITests */,
			);
		};
/* End PBXProject section */

/* Begin PBXResourcesBuildPhase section */
		D02CFAEA23807EE5009BCE0C /* Resources */ = {
			isa = PBXResourcesBuildPhase;
			buildActionMask = 2147483647;
			files = (
				D02CFAFC23807EE7009BCE0C /* LaunchScreen.storyboard in Resources */,
				D0AB76D623809AF500BA878D /* GoogleService-Info.plist in Resources */,
				D02CFAF923807EE7009BCE0C /* Assets.xcassets in Resources */,
				D02CFAF723807EE5009BCE0C /* Main.storyboard in Resources */,
			);
			runOnlyForDeploymentPostprocessing = 0;
		};
		D02CFB0023807EE7009BCE0C /* Resources */ = {
			isa = PBXResourcesBuildPhase;
			buildActionMask = 2147483647;
			files = (
			);
			runOnlyForDeploymentPostprocessing = 0;
		};
		D02CFB0B23807EE7009BCE0C /* Resources */ = {
			isa = PBXResourcesBuildPhase;
			buildActionMask = 2147483647;
			files = (
			);
			runOnlyForDeploymentPostprocessing = 0;
		};
/* End PBXResourcesBuildPhase section */

/* Begin PBXShellScriptBuildPhase section */
		0857BFA6C43BF4ED6BB3E001 /* [CP] Embed Pods Frameworks */ = {
			isa = PBXShellScriptBuildPhase;
			buildActionMask = 2147483647;
			files = (
			);
			inputFileListPaths = (
				"${PODS_ROOT}/Target Support Files/Pods-PolyRideshares/Pods-PolyRideshares-frameworks-${CONFIGURATION}-input-files.xcfilelist",
			);
			name = "[CP] Embed Pods Frameworks";
			outputFileListPaths = (
				"${PODS_ROOT}/Target Support Files/Pods-PolyRideshares/Pods-PolyRideshares-frameworks-${CONFIGURATION}-output-files.xcfilelist",
			);
			runOnlyForDeploymentPostprocessing = 0;
			shellPath = /bin/sh;
			shellScript = "\"${PODS_ROOT}/Target Support Files/Pods-PolyRideshares/Pods-PolyRideshares-frameworks.sh\"\n";
			showEnvVarsInLog = 0;
		};
		6855595D18C43450B02B2D5A /* [CP] Check Pods Manifest.lock */ = {
			isa = PBXShellScriptBuildPhase;
			buildActionMask = 2147483647;
			files = (
			);
			inputFileListPaths = (
			);
			inputPaths = (
				"${PODS_PODFILE_DIR_PATH}/Podfile.lock",
				"${PODS_ROOT}/Manifest.lock",
			);
			name = "[CP] Check Pods Manifest.lock";
			outputFileListPaths = (
			);
			outputPaths = (
				"$(DERIVED_FILE_DIR)/Pods-PolyRideshares-PolyRidesharesUITests-checkManifestLockResult.txt",
			);
			runOnlyForDeploymentPostprocessing = 0;
			shellPath = /bin/sh;
			shellScript = "diff \"${PODS_PODFILE_DIR_PATH}/Podfile.lock\" \"${PODS_ROOT}/Manifest.lock\" > /dev/null\nif [ $? != 0 ] ; then\n    # print error to STDERR\n    echo \"error: The sandbox is not in sync with the Podfile.lock. Run 'pod install' or update your CocoaPods installation.\" >&2\n    exit 1\nfi\n# This output is used by Xcode 'outputs' to avoid re-running this script phase.\necho \"SUCCESS\" > \"${SCRIPT_OUTPUT_FILE_0}\"\n";
			showEnvVarsInLog = 0;
		};
		B99707CC9BC1C4850A157CA6 /* [CP] Check Pods Manifest.lock */ = {
			isa = PBXShellScriptBuildPhase;
			buildActionMask = 2147483647;
			files = (
			);
			inputFileListPaths = (
			);
			inputPaths = (
				"${PODS_PODFILE_DIR_PATH}/Podfile.lock",
				"${PODS_ROOT}/Manifest.lock",
			);
			name = "[CP] Check Pods Manifest.lock";
			outputFileListPaths = (
			);
			outputPaths = (
				"$(DERIVED_FILE_DIR)/Pods-PolyRidesharesTests-checkManifestLockResult.txt",
			);
			runOnlyForDeploymentPostprocessing = 0;
			shellPath = /bin/sh;
			shellScript = "diff \"${PODS_PODFILE_DIR_PATH}/Podfile.lock\" \"${PODS_ROOT}/Manifest.lock\" > /dev/null\nif [ $? != 0 ] ; then\n    # print error to STDERR\n    echo \"error: The sandbox is not in sync with the Podfile.lock. Run 'pod install' or update your CocoaPods installation.\" >&2\n    exit 1\nfi\n# This output is used by Xcode 'outputs' to avoid re-running this script phase.\necho \"SUCCESS\" > \"${SCRIPT_OUTPUT_FILE_0}\"\n";
			showEnvVarsInLog = 0;
		};
		E3E2D3B05DB8A0E775152A83 /* [CP] Embed Pods Frameworks */ = {
			isa = PBXShellScriptBuildPhase;
			buildActionMask = 2147483647;
			files = (
			);
			inputFileListPaths = (
				"${PODS_ROOT}/Target Support Files/Pods-PolyRideshares-PolyRidesharesUITests/Pods-PolyRideshares-PolyRidesharesUITests-frameworks-${CONFIGURATION}-input-files.xcfilelist",
			);
			name = "[CP] Embed Pods Frameworks";
			outputFileListPaths = (
				"${PODS_ROOT}/Target Support Files/Pods-PolyRideshares-PolyRidesharesUITests/Pods-PolyRideshares-PolyRidesharesUITests-frameworks-${CONFIGURATION}-output-files.xcfilelist",
			);
			runOnlyForDeploymentPostprocessing = 0;
			shellPath = /bin/sh;
			shellScript = "\"${PODS_ROOT}/Target Support Files/Pods-PolyRideshares-PolyRidesharesUITests/Pods-PolyRideshares-PolyRidesharesUITests-frameworks.sh\"\n";
			showEnvVarsInLog = 0;
		};
		F43EDA895EE2E1269475CC86 /* [CP] Check Pods Manifest.lock */ = {
			isa = PBXShellScriptBuildPhase;
			buildActionMask = 2147483647;
			files = (
			);
			inputFileListPaths = (
			);
			inputPaths = (
				"${PODS_PODFILE_DIR_PATH}/Podfile.lock",
				"${PODS_ROOT}/Manifest.lock",
			);
			name = "[CP] Check Pods Manifest.lock";
			outputFileListPaths = (
			);
			outputPaths = (
				"$(DERIVED_FILE_DIR)/Pods-PolyRideshares-checkManifestLockResult.txt",
			);
			runOnlyForDeploymentPostprocessing = 0;
			shellPath = /bin/sh;
			shellScript = "diff \"${PODS_PODFILE_DIR_PATH}/Podfile.lock\" \"${PODS_ROOT}/Manifest.lock\" > /dev/null\nif [ $? != 0 ] ; then\n    # print error to STDERR\n    echo \"error: The sandbox is not in sync with the Podfile.lock. Run 'pod install' or update your CocoaPods installation.\" >&2\n    exit 1\nfi\n# This output is used by Xcode 'outputs' to avoid re-running this script phase.\necho \"SUCCESS\" > \"${SCRIPT_OUTPUT_FILE_0}\"\n";
			showEnvVarsInLog = 0;
		};
/* End PBXShellScriptBuildPhase section */

/* Begin PBXSourcesBuildPhase section */
		D02CFAE823807EE5009BCE0C /* Sources */ = {
			isa = PBXSourcesBuildPhase;
			buildActionMask = 2147483647;
			files = (
				D0AB76D42380901000BA878D /* DoneViewController.swift in Sources */,
				D004C6D82380891A00F779B6 /* OfferPost.swift in Sources */,
				D004C6D22380856A00F779B6 /* CreateRideViewController.swift in Sources */,
				D02CFAF423807EE5009BCE0C /* ViewController.swift in Sources */,
				D004C6D62380868C00F779B6 /* ListRidesViewController.swift in Sources */,
				D02CFAF023807EE5009BCE0C /* AppDelegate.swift in Sources */,
				D02CFAF223807EE5009BCE0C /* SceneDelegate.swift in Sources */,
				D004C6D42380857F00F779B6 /* SeeRideViewController.swift in Sources */,
			);
			runOnlyForDeploymentPostprocessing = 0;
		};
		D02CFAFE23807EE7009BCE0C /* Sources */ = {
			isa = PBXSourcesBuildPhase;
			buildActionMask = 2147483647;
			files = (
				D02CFB0723807EE7009BCE0C /* PolyRidesharesTests.swift in Sources */,
			);
			runOnlyForDeploymentPostprocessing = 0;
		};
		D02CFB0923807EE7009BCE0C /* Sources */ = {
			isa = PBXSourcesBuildPhase;
			buildActionMask = 2147483647;
			files = (
				D02CFB1223807EE7009BCE0C /* PolyRidesharesUITests.swift in Sources */,
			);
			runOnlyForDeploymentPostprocessing = 0;
		};
/* End PBXSourcesBuildPhase section */

/* Begin PBXTargetDependency section */
		D02CFB0423807EE7009BCE0C /* PBXTargetDependency */ = {
			isa = PBXTargetDependency;
			target = D02CFAEB23807EE5009BCE0C /* PolyRideshares */;
			targetProxy = D02CFB0323807EE7009BCE0C /* PBXContainerItemProxy */;
		};
		D02CFB0F23807EE7009BCE0C /* PBXTargetDependency */ = {
			isa = PBXTargetDependency;
			target = D02CFAEB23807EE5009BCE0C /* PolyRideshares */;
			targetProxy = D02CFB0E23807EE7009BCE0C /* PBXContainerItemProxy */;
		};
/* End PBXTargetDependency section */

/* Begin PBXVariantGroup section */
		D02CFAF523807EE5009BCE0C /* Main.storyboard */ = {
			isa = PBXVariantGroup;
			children = (
				D02CFAF623807EE5009BCE0C /* Base */,
			);
			name = Main.storyboard;
			sourceTree = "<group>";
		};
		D02CFAFA23807EE7009BCE0C /* LaunchScreen.storyboard */ = {
			isa = PBXVariantGroup;
			children = (
				D02CFAFB23807EE7009BCE0C /* Base */,
			);
			name = LaunchScreen.storyboard;
			sourceTree = "<group>";
		};
/* End PBXVariantGroup section */

/* Begin XCBuildConfiguration section */
		D02CFB1423807EE7009BCE0C /* Debug */ = {
			isa = XCBuildConfiguration;
			buildSettings = {
				ALWAYS_SEARCH_USER_PATHS = NO;
				CLANG_ANALYZER_NONNULL = YES;
				CLANG_ANALYZER_NUMBER_OBJECT_CONVERSION = YES_AGGRESSIVE;
				CLANG_CXX_LANGUAGE_STANDARD = "gnu++14";
				CLANG_CXX_LIBRARY = "libc++";
				CLANG_ENABLE_MODULES = YES;
				CLANG_ENABLE_OBJC_ARC = YES;
				CLANG_ENABLE_OBJC_WEAK = YES;
				CLANG_WARN_BLOCK_CAPTURE_AUTORELEASING = YES;
				CLANG_WARN_BOOL_CONVERSION = YES;
				CLANG_WARN_COMMA = YES;
				CLANG_WARN_CONSTANT_CONVERSION = YES;
				CLANG_WARN_DEPRECATED_OBJC_IMPLEMENTATIONS = YES;
				CLANG_WARN_DIRECT_OBJC_ISA_USAGE = YES_ERROR;
				CLANG_WARN_DOCUMENTATION_COMMENTS = YES;
				CLANG_WARN_EMPTY_BODY = YES;
				CLANG_WARN_ENUM_CONVERSION = YES;
				CLANG_WARN_INFINITE_RECURSION = YES;
				CLANG_WARN_INT_CONVERSION = YES;
				CLANG_WARN_NON_LITERAL_NULL_CONVERSION = YES;
				CLANG_WARN_OBJC_IMPLICIT_RETAIN_SELF = YES;
				CLANG_WARN_OBJC_LITERAL_CONVERSION = YES;
				CLANG_WARN_OBJC_ROOT_CLASS = YES_ERROR;
				CLANG_WARN_RANGE_LOOP_ANALYSIS = YES;
				CLANG_WARN_STRICT_PROTOTYPES = YES;
				CLANG_WARN_SUSPICIOUS_MOVE = YES;
				CLANG_WARN_UNGUARDED_AVAILABILITY = YES_AGGRESSIVE;
				CLANG_WARN_UNREACHABLE_CODE = YES;
				CLANG_WARN__DUPLICATE_METHOD_MATCH = YES;
				COPY_PHASE_STRIP = NO;
				DEBUG_INFORMATION_FORMAT = dwarf;
				ENABLE_STRICT_OBJC_MSGSEND = YES;
				ENABLE_TESTABILITY = YES;
				GCC_C_LANGUAGE_STANDARD = gnu11;
				GCC_DYNAMIC_NO_PIC = NO;
				GCC_NO_COMMON_BLOCKS = YES;
				GCC_OPTIMIZATION_LEVEL = 0;
				GCC_PREPROCESSOR_DEFINITIONS = (
					"DEBUG=1",
					"$(inherited)",
				);
				GCC_WARN_64_TO_32_BIT_CONVERSION = YES;
				GCC_WARN_ABOUT_RETURN_TYPE = YES_ERROR;
				GCC_WARN_UNDECLARED_SELECTOR = YES;
				GCC_WARN_UNINITIALIZED_AUTOS = YES_AGGRESSIVE;
				GCC_WARN_UNUSED_FUNCTION = YES;
				GCC_WARN_UNUSED_VARIABLE = YES;
				IPHONEOS_DEPLOYMENT_TARGET = 13.1;
				MTL_ENABLE_DEBUG_INFO = INCLUDE_SOURCE;
				MTL_FAST_MATH = YES;
				ONLY_ACTIVE_ARCH = YES;
				SDKROOT = iphoneos;
				SWIFT_ACTIVE_COMPILATION_CONDITIONS = DEBUG;
				SWIFT_OPTIMIZATION_LEVEL = "-Onone";
			};
			name = Debug;
		};
		D02CFB1523807EE7009BCE0C /* Release */ = {
			isa = XCBuildConfiguration;
			buildSettings = {
				ALWAYS_SEARCH_USER_PATHS = NO;
				CLANG_ANALYZER_NONNULL = YES;
				CLANG_ANALYZER_NUMBER_OBJECT_CONVERSION = YES_AGGRESSIVE;
				CLANG_CXX_LANGUAGE_STANDARD = "gnu++14";
				CLANG_CXX_LIBRARY = "libc++";
				CLANG_ENABLE_MODULES = YES;
				CLANG_ENABLE_OBJC_ARC = YES;
				CLANG_ENABLE_OBJC_WEAK = YES;
				CLANG_WARN_BLOCK_CAPTURE_AUTORELEASING = YES;
				CLANG_WARN_BOOL_CONVERSION = YES;
				CLANG_WARN_COMMA = YES;
				CLANG_WARN_CONSTANT_CONVERSION = YES;
				CLANG_WARN_DEPRECATED_OBJC_IMPLEMENTATIONS = YES;
				CLANG_WARN_DIRECT_OBJC_ISA_USAGE = YES_ERROR;
				CLANG_WARN_DOCUMENTATION_COMMENTS = YES;
				CLANG_WARN_EMPTY_BODY = YES;
				CLANG_WARN_ENUM_CONVERSION = YES;
				CLANG_WARN_INFINITE_RECURSION = YES;
				CLANG_WARN_INT_CONVERSION = YES;
				CLANG_WARN_NON_LITERAL_NULL_CONVERSION = YES;
				CLANG_WARN_OBJC_IMPLICIT_RETAIN_SELF = YES;
				CLANG_WARN_OBJC_LITERAL_CONVERSION = YES;
				CLANG_WARN_OBJC_ROOT_CLASS = YES_ERROR;
				CLANG_WARN_RANGE_LOOP_ANALYSIS = YES;
				CLANG_WARN_STRICT_PROTOTYPES = YES;
				CLANG_WARN_SUSPICIOUS_MOVE = YES;
				CLANG_WARN_UNGUARDED_AVAILABILITY = YES_AGGRESSIVE;
				CLANG_WARN_UNREACHABLE_CODE = YES;
				CLANG_WARN__DUPLICATE_METHOD_MATCH = YES;
				COPY_PHASE_STRIP = NO;
				DEBUG_INFORMATION_FORMAT = "dwarf-with-dsym";
				ENABLE_NS_ASSERTIONS = NO;
				ENABLE_STRICT_OBJC_MSGSEND = YES;
				GCC_C_LANGUAGE_STANDARD = gnu11;
				GCC_NO_COMMON_BLOCKS = YES;
				GCC_WARN_64_TO_32_BIT_CONVERSION = YES;
				GCC_WARN_ABOUT_RETURN_TYPE = YES_ERROR;
				GCC_WARN_UNDECLARED_SELECTOR = YES;
				GCC_WARN_UNINITIALIZED_AUTOS = YES_AGGRESSIVE;
				GCC_WARN_UNUSED_FUNCTION = YES;
				GCC_WARN_UNUSED_VARIABLE = YES;
				IPHONEOS_DEPLOYMENT_TARGET = 13.1;
				MTL_ENABLE_DEBUG_INFO = NO;
				MTL_FAST_MATH = YES;
				SDKROOT = iphoneos;
				SWIFT_COMPILATION_MODE = wholemodule;
				SWIFT_OPTIMIZATION_LEVEL = "-O";
				VALIDATE_PRODUCT = YES;
			};
			name = Release;
		};
		D02CFB1723807EE7009BCE0C /* Debug */ = {
			isa = XCBuildConfiguration;
			baseConfigurationReference = 8008DDE5DCF953A2CD0F7F18 /* Pods-PolyRideshares.debug.xcconfig */;
			buildSettings = {
				ASSETCATALOG_COMPILER_APPICON_NAME = AppIcon;
				CODE_SIGN_STYLE = Automatic;
				INFOPLIST_FILE = PolyRideshares/Info.plist;
				LD_RUNPATH_SEARCH_PATHS = (
					"$(inherited)",
					"@executable_path/Frameworks",
				);
				PRODUCT_BUNDLE_IDENTIFIER = JP.PolyRideshares;
				PRODUCT_NAME = "$(TARGET_NAME)";
				SWIFT_VERSION = 5.0;
				TARGETED_DEVICE_FAMILY = "1,2";
			};
			name = Debug;
		};
		D02CFB1823807EE7009BCE0C /* Release */ = {
			isa = XCBuildConfiguration;
			baseConfigurationReference = 23EC6019DBDC8E6095DBED18 /* Pods-PolyRideshares.release.xcconfig */;
			buildSettings = {
				ASSETCATALOG_COMPILER_APPICON_NAME = AppIcon;
				CODE_SIGN_STYLE = Automatic;
				INFOPLIST_FILE = PolyRideshares/Info.plist;
				LD_RUNPATH_SEARCH_PATHS = (
					"$(inherited)",
					"@executable_path/Frameworks",
				);
				PRODUCT_BUNDLE_IDENTIFIER = JP.PolyRideshares;
				PRODUCT_NAME = "$(TARGET_NAME)";
				SWIFT_VERSION = 5.0;
				TARGETED_DEVICE_FAMILY = "1,2";
			};
			name = Release;
		};
		D02CFB1A23807EE7009BCE0C /* Debug */ = {
			isa = XCBuildConfiguration;
			baseConfigurationReference = 0EE72D90500B6A032B7532D7 /* Pods-PolyRidesharesTests.debug.xcconfig */;
			buildSettings = {
				ALWAYS_EMBED_SWIFT_STANDARD_LIBRARIES = YES;
				BUNDLE_LOADER = "$(TEST_HOST)";
				CODE_SIGN_STYLE = Automatic;
				INFOPLIST_FILE = PolyRidesharesTests/Info.plist;
				IPHONEOS_DEPLOYMENT_TARGET = 13.1;
				LD_RUNPATH_SEARCH_PATHS = (
					"$(inherited)",
					"@executable_path/Frameworks",
					"@loader_path/Frameworks",
				);
				PRODUCT_BUNDLE_IDENTIFIER = JP.PolyRidesharesTests;
				PRODUCT_NAME = "$(TARGET_NAME)";
				SWIFT_VERSION = 5.0;
				TARGETED_DEVICE_FAMILY = "1,2";
				TEST_HOST = "$(BUILT_PRODUCTS_DIR)/PolyRideshares.app/PolyRideshares";
			};
			name = Debug;
		};
		D02CFB1B23807EE7009BCE0C /* Release */ = {
			isa = XCBuildConfiguration;
			baseConfigurationReference = 6845D85D1F2179A4D3031747 /* Pods-PolyRidesharesTests.release.xcconfig */;
			buildSettings = {
				ALWAYS_EMBED_SWIFT_STANDARD_LIBRARIES = YES;
				BUNDLE_LOADER = "$(TEST_HOST)";
				CODE_SIGN_STYLE = Automatic;
				INFOPLIST_FILE = PolyRidesharesTests/Info.plist;
				IPHONEOS_DEPLOYMENT_TARGET = 13.1;
				LD_RUNPATH_SEARCH_PATHS = (
					"$(inherited)",
					"@executable_path/Frameworks",
					"@loader_path/Frameworks",
				);
				PRODUCT_BUNDLE_IDENTIFIER = JP.PolyRidesharesTests;
				PRODUCT_NAME = "$(TARGET_NAME)";
				SWIFT_VERSION = 5.0;
				TARGETED_DEVICE_FAMILY = "1,2";
				TEST_HOST = "$(BUILT_PRODUCTS_DIR)/PolyRideshares.app/PolyRideshares";
			};
			name = Release;
		};
		D02CFB1D23807EE7009BCE0C /* Debug */ = {
			isa = XCBuildConfiguration;
			baseConfigurationReference = E84F585630D282EC66D480E9 /* Pods-PolyRideshares-PolyRidesharesUITests.debug.xcconfig */;
			buildSettings = {
				ALWAYS_EMBED_SWIFT_STANDARD_LIBRARIES = YES;
				CODE_SIGN_STYLE = Automatic;
				INFOPLIST_FILE = PolyRidesharesUITests/Info.plist;
				LD_RUNPATH_SEARCH_PATHS = (
					"$(inherited)",
					"@executable_path/Frameworks",
					"@loader_path/Frameworks",
				);
				PRODUCT_BUNDLE_IDENTIFIER = JP.PolyRidesharesUITests;
				PRODUCT_NAME = "$(TARGET_NAME)";
				SWIFT_VERSION = 5.0;
				TARGETED_DEVICE_FAMILY = "1,2";
				TEST_TARGET_NAME = PolyRideshares;
			};
			name = Debug;
		};
		D02CFB1E23807EE7009BCE0C /* Release */ = {
			isa = XCBuildConfiguration;
			baseConfigurationReference = C77D29BFD581DCBA832AF596 /* Pods-PolyRideshares-PolyRidesharesUITests.release.xcconfig */;
			buildSettings = {
				ALWAYS_EMBED_SWIFT_STANDARD_LIBRARIES = YES;
				CODE_SIGN_STYLE = Automatic;
				INFOPLIST_FILE = PolyRidesharesUITests/Info.plist;
				LD_RUNPATH_SEARCH_PATHS = (
					"$(inherited)",
					"@executable_path/Frameworks",
					"@loader_path/Frameworks",
				);
				PRODUCT_BUNDLE_IDENTIFIER = JP.PolyRidesharesUITests;
				PRODUCT_NAME = "$(TARGET_NAME)";
				SWIFT_VERSION = 5.0;
				TARGETED_DEVICE_FAMILY = "1,2";
				TEST_TARGET_NAME = PolyRideshares;
			};
			name = Release;
		};
/* End XCBuildConfiguration section */

/* Begin XCConfigurationList section */
		D02CFAE723807EE5009BCE0C /* Build configuration list for PBXProject "PolyRideshares" */ = {
			isa = XCConfigurationList;
			buildConfigurations = (
				D02CFB1423807EE7009BCE0C /* Debug */,
				D02CFB1523807EE7009BCE0C /* Release */,
			);
			defaultConfigurationIsVisible = 0;
			defaultConfigurationName = Release;
		};
		D02CFB1623807EE7009BCE0C /* Build configuration list for PBXNativeTarget "PolyRideshares" */ = {
			isa = XCConfigurationList;
			buildConfigurations = (
				D02CFB1723807EE7009BCE0C /* Debug */,
				D02CFB1823807EE7009BCE0C /* Release */,
			);
			defaultConfigurationIsVisible = 0;
			defaultConfigurationName = Release;
		};
		D02CFB1923807EE7009BCE0C /* Build configuration list for PBXNativeTarget "PolyRidesharesTests" */ = {
			isa = XCConfigurationList;
			buildConfigurations = (
				D02CFB1A23807EE7009BCE0C /* Debug */,
				D02CFB1B23807EE7009BCE0C /* Release */,
			);
			defaultConfigurationIsVisible = 0;
			defaultConfigurationName = Release;
		};
		D02CFB1C23807EE7009BCE0C /* Build configuration list for PBXNativeTarget "PolyRidesharesUITests" */ = {
			isa = XCConfigurationList;
			buildConfigurations = (
				D02CFB1D23807EE7009BCE0C /* Debug */,
				D02CFB1E23807EE7009BCE0C /* Release */,
			);
			defaultConfigurationIsVisible = 0;
			defaultConfigurationName = Release;
		};
/* End XCConfigurationList section */
	};
	rootObject = D02CFAE423807EE5009BCE0C /* Project object */;
}
